{
  "name": "counter-inc-dec",
  "version": "1.0.0",
  "lockfileVersion": 2,
  "requires": true,
  "packages": {
    "": {
      "version": "1.0.0",
      "license": "ISC",
      "dependencies": {
        "xstate": "^4.17.1"
      }
    },
    "node_modules/xstate": {
      "version": "4.17.1",
      "resolved": "https://bin.private.zooplus.net:443/artifactory/api/npm/npm-virtual/xstate/-/xstate-4.17.1.tgz",
      "integrity": "sha1-8Ce1HuNdriiVTSetCfN7TV1c5A8=",
      "license": "MIT",
      "funding": {
        "type": "opencollective",
        "url": "https://opencollective.com/xstate"
      }
    }
  },
  "dependencies": {
    "xstate": {
      "version": "4.17.1",
      "resolved": "https://bin.private.zooplus.net:443/artifactory/api/npm/npm-virtual/xstate/-/xstate-4.17.1.tgz",
      "integrity": "sha1-8Ce1HuNdriiVTSetCfN7TV1c5A8="
    }
  }
}
